# This file is automatically @generated by Cargo.
# It is not intended for manual editing.
version = 4

[[package]]
name = "imagegen-bridge"
version = "0.1.0"
dependencies = [
 "imagegen-bridge-core",
]

[[package]]
name = "imagegen-bridge-core"
version = "0.1.0"

[[package]]
name = "imagegen-bridge-schema-gen"
version = "0.1.0"
dependencies = [
 "imagegen-bridge-core",
]
